// !$*UTF8*$!
{
	archiveVersion = 1;
	classes = {
	};
	objectVersion = 46;
	objects = {

/* Begin PBXBuildFile section */
		F8433C361B23DE9E000A09F4 /* AppDelegate.swift in Sources */ = {isa = PBXBuildFile; fileRef = F8433C351B23DE9E000A09F4 /* AppDelegate.swift */; };
		F8433C381B23DE9E000A09F4 /* FirstViewController.swift in Sources */ = {isa = PBXBuildFile; fileRef = F8433C371B23DE9E000A09F4 /* FirstViewController.swift */; };
		F8433C3A1B23DE9E000A09F4 /* SecondViewController.swift in Sources */ = {isa = PBXBuildFile; fileRef = F8433C391B23DE9E000A09F4 /* SecondViewController.swift */; };
		F8433C3D1B23DE9E000A09F4 /* Main.storyboard in Resources */ = {isa = PBXBuildFile; fileRef = F8433C3B1B23DE9E000A09F4 /* Main.storyboard */; };
		F8433C3F1B23DE9E000A09F4 /* Images.xcassets in Resources */ = {isa = PBXBuildFile; fileRef = F8433C3E1B23DE9E000A09F4 /* Images.xcassets */; };
		F8433C421B23DE9E000A09F4 /* LaunchScreen.xib in Resources */ = {isa = PBXBuildFile; fileRef = F8433C401B23DE9E000A09F4 /* LaunchScreen.xib */; };
		F8433C4E1B23DE9E000A09F4 /* ToDoListTests.swift in Sources */ = {isa = PBXBuildFile; fileRef = F8433C4D1B23DE9E000A09F4 /* ToDoListTests.swift */; };
		F8433C5E1B23E5BC000A09F4 /* TaskManager.swift in Sources */ = {isa = PBXBuildFile; fileRef = F8433C5D1B23E5BC000A09F4 /* TaskManager.swift */; };
		F8433C5F1B23E5BC000A09F4 /* TaskManager.swift in Sources */ = {isa = PBXBuildFile; fileRef = F8433C5D1B23E5BC000A09F4 /* TaskManager.swift */; };
/* End PBXBuildFile section */

/* Begin PBXContainerItemProxy section */
		F8433C481B23DE9E000A09F4 /* PBXContainerItemProxy */ = {
			isa = PBXContainerItemProxy;
			containerPortal = F8433C281B23DE9E000A09F4 /* Project object */;
			proxyType = 1;
			remoteGlobalIDString = F8433C2F1B23DE9E000A09F4;
			remoteInfo = ToDoList;
		};
/* End PBXContainerItemProxy section */

/* Begin PBXFileReference section */
		F8433C301B23DE9E000A09F4 /* ToDoList.app */ = {isa = PBXFileReference; explicitFileType = wrapper.application; includeInIndex = 0; path = ToDoList.app; sourceTree = BUILT_PRODUCTS_DIR; };
		F8433C341B23DE9E000A09F4 /* Info.plist */ = {isa = PBXFileReference; lastKnownFileType = text.plist.xml; path = Info.plist; sourceTree = "<group>"; };
		F8433C351B23DE9E000A09F4 /* AppDelegate.swift */ = {isa = PBXFileReference; lastKnownFileType = sourcecode.swift; path = AppDelegate.swift; sourceTree = "<group>"; };
		F8433C371B23DE9E000A09F4 /* FirstViewController.swift */ = {isa = PBXFileReference; lastKnownFileType = sourcecode.swift; path = FirstViewController.swift; sourceTree = "<group>"; };
		F8433C391B23DE9E000A09F4 /* SecondViewController.swift */ = {isa = PBXFileReference; lastKnownFileType = sourcecode.swift; path = SecondViewController.swift; sourceTree = "<group>"; };
		F8433C3C1B23DE9E000A09F4 /* Base */ = {isa = PBXFileReference; lastKnownFileType = file.storyboard; name = Base; path = Base.lproj/Main.storyboard; sourceTree = "<group>"; };
		F8433C3E1B23DE9E000A09F4 /* Images.xcassets */ = {isa = PBXFileReference; lastKnownFileType = folder.assetcatalog; path = Images.xcassets; sourceTree = "<group>"; };
		F8433C411B23DE9E000A09F4 /* Base */ = {isa = PBXFileReference; lastKnownFileType = file.xib; name = Base; path = Base.lproj/LaunchScreen.xib; sourceTree = "<group>"; };
		F8433C471B23DE9E000A09F4 /* ToDoListTests.xctest */ = {isa = PBXFileReference; explicitFileType = wrapper.cfbundle; includeInIndex = 0; path = ToDoListTests.xctest; sourceTree = BUILT_PRODUCTS_DIR; };
		F8433C4C1B23DE9E000A09F4 /* Info.plist */ = {isa = PBXFileReference; lastKnownFileType = text.plist.xml; path = Info.plist; sourceTree = "<group>"; };
		F8433C4D1B23DE9E000A09F4 /* ToDoListTests.swift */ = {isa = PBXFileReference; lastKnownFileType = sourcecode.swift; path = ToDoListTests.swift; sourceTree = "<group>"; };
		F8433C5D1B23E5BC000A09F4 /* TaskManager.swift */ = {isa = PBXFileReference; fileEncoding = 4; lastKnownFileType = sourcecode.swift; path = TaskManager.swift; sourceTree = "<group>"; };
/* End PBXFileReference section */

/* Begin PBXFrameworksBuildPhase section */
		F8433C2D1B23DE9E000A09F4 /* Frameworks */ = {
			isa = PBXFrameworksBuildPhase;
			buildActionMask = 2147483647;
			files = (
			);
			runOnlyForDeploymentPostprocessing = 0;
		};
		F8433C441B23DE9E000A09F4 /* Frameworks */ = {
			isa = PBXFrameworksBuildPhase;
			buildActionMask = 2147483647;
			files = (
			);
			runOnlyForDeploymentPostprocessing = 0;
		};
/* End PBXFrameworksBuildPhase section */

/* Begin PBXGroup section */
		F8433C271B23DE9E000A09F4 = {
			isa = PBXGroup;
			children = (
				F8433C321B23DE9E000A09F4 /* ToDoList */,
				F8433C4A1B23DE9E000A09F4 /* ToDoListTests */,
				F8433C311B23DE9E000A09F4 /* Products */,
			);
			sourceTree = "<group>";
		};
		F8433C311B23DE9E000A09F4 /* Products */ = {
			isa = PBXGroup;
			children = (
				F8433C301B23DE9E000A09F4 /* ToDoList.app */,
				F8433C471B23DE9E000A09F4 /* ToDoListTests.xctest */,
			);
			name = Products;
			sourceTree = "<group>";
		};
		F8433C321B23DE9E000A09F4 /* ToDoList */ = {
			isa = PBXGroup;
			children = (
				F8433C5C1B23E597000A09F4 /* src */,
				F8433C351B23DE9E000A09F4 /* AppDelegate.swift */,
				F8433C371B23DE9E000A09F4 /* FirstViewController.swift */,
				F8433C391B23DE9E000A09F4 /* SecondViewController.swift */,
				F8433C3B1B23DE9E000A09F4 /* Main.storyboard */,
				F8433C3E1B23DE9E000A09F4 /* Images.xcassets */,
				F8433C401B23DE9E000A09F4 /* LaunchScreen.xib */,
				F8433C331B23DE9E000A09F4 /* Supporting Files */,
			);
			path = ToDoList;
			sourceTree = "<group>";
		};
		F8433C331B23DE9E000A09F4 /* Supporting Files */ = {
			isa = PBXGroup;
			children = (
				F8433C341B23DE9E000A09F4 /* Info.plist */,
			);
			name = "Supporting Files";
			sourceTree = "<group>";
		};
		F8433C4A1B23DE9E000A09F4 /* ToDoListTests */ = {
			isa = PBXGroup;
			children = (
				F8433C4D1B23DE9E000A09F4 /* ToDoListTests.swift */,
				F8433C4B1B23DE9E000A09F4 /* Supporting Files */,
			);
			path = ToDoListTests;
			sourceTree = "<group>";
		};
		F8433C4B1B23DE9E000A09F4 /* Supporting Files */ = {
			isa = PBXGroup;
			children = (
				F8433C4C1B23DE9E000A09F4 /* Info.plist */,
			);
			name = "Supporting Files";
			sourceTree = "<group>";
		};
		F8433C5C1B23E597000A09F4 /* src */ = {
			isa = PBXGroup;
			children = (
				F8433C5D1B23E5BC000A09F4 /* TaskManager.swift */,
			);
			name = src;
			sourceTree = "<group>";
		};
/* End PBXGroup section */

/* Begin PBXNativeTarget section */
		F8433C2F1B23DE9E000A09F4 /* ToDoList */ = {
			isa = PBXNativeTarget;
			buildConfigurationList = F8433C511B23DE9E000A09F4 /* Build configuration list for PBXNativeTarget "ToDoList" */;
			buildPhases = (
				F8433C2C1B23DE9E000A09F4 /* Sources */,
				F8433C2D1B23DE9E000A09F4 /* Frameworks */,
				F8433C2E1B23DE9E000A09F4 /* Resources */,
			);
			buildRules = (
			);
			dependencies = (
			);
			name = ToDoList;
			productName = ToDoList;
			productReference = F8433C301B23DE9E000A09F4 /* ToDoList.app */;
			productType = "com.apple.product-type.application";
		};
		F8433C461B23DE9E000A09F4 /* ToDoListTests */ = {
			isa = PBXNativeTarget;
			buildConfigurationList = F8433C541B23DE9E000A09F4 /* Build configuration list for PBXNativeTarget "ToDoListTests" */;
			buildPhases = (
				F8433C431B23DE9E000A09F4 /* Sources */,
				F8433C441B23DE9E000A09F4 /* Frameworks */,
				F8433C451B23DE9E000A09F4 /* Resources */,
			);
			buildRules = (
			);
			dependencies = (
				F8433C491B23DE9E000A09F4 /* PBXTargetDependency */,
			);
			name = ToDoListTests;
			productName = ToDoListTests;
			productReference = F8433C471B23DE9E000A09F4 /* ToDoListTests.xctest */;
			productType = "com.apple.product-type.bundle.unit-test";
		};
/* End PBXNativeTarget section */

/* Begin PBXProject section */
		F8433C281B23DE9E000A09F4 /* Project object */ = {
			isa = PBXProject;
			attributes = {
				LastUpgradeCheck = 0630;
				ORGANIZATIONNAME = "許佑任";
				TargetAttributes = {
					F8433C2F1B23DE9E000A09F4 = {
						CreatedOnToolsVersion = 6.3.1;
					};
					F8433C461B23DE9E000A09F4 = {
						CreatedOnToolsVersion = 6.3.1;
						TestTargetID = F8433C2F1B23DE9E000A09F4;
					};
				};
			};
			buildConfigurationList = F8433C2B1B23DE9E000A09F4 /* Build configuration list for PBXProject "ToDoList" */;
			compatibilityVersion = "Xcode 3.2";
			developmentRegion = English;
			hasScannedForEncodings = 0;
			knownRegions = (
				en,
				Base,
			);
			mainGroup = F8433C271B23DE9E000A09F4;
			productRefGroup = F8433C311B23DE9E000A09F4 /* Products */;
			projectDirPath = "";
			projectRoot = "";
			targets = (
				F8433C2F1B23DE9E000A09F4 /* ToDoList */,
				F8433C461B23DE9E000A09F4 /* ToDoListTests */,
			);
		};
/* End PBXProject section */

/* Begin PBXResourcesBuildPhase section */
		F8433C2E1B23DE9E000A09F4 /* Resources */ = {
			isa = PBXResourcesBuildPhase;
			buildActionMask = 2147483647;
			files = (
				F8433C3D1B23DE9E000A09F4 /* Main.storyboard in Resources */,
				F8433C421B23DE9E000A09F4 /* LaunchScreen.xib in Resources */,
				F8433C3F1B23DE9E000A09F4 /* Images.xcassets in Resources */,
			);
			runOnlyForDeploymentPostprocessing = 0;
		};
		F8433C451B23DE9E000A09F4 /* Resources */ = {
			isa = PBXResourcesBuildPhase;
			buildActionMask = 2147483647;
			files = (
			);
			runOnlyForDeploymentPostprocessing = 0;
		};
/* End PBXResourcesBuildPhase section */

/* Begin PBXSourcesBuildPhase section */
		F8433C2C1B23DE9E000A09F4 /* Sources */ = {
			isa = PBXSourcesBuildPhase;
			buildActionMask = 2147483647;
			files = (
				F8433C3A1B23DE9E000A09F4 /* SecondViewController.swift in Sources */,
				F8433C361B23DE9E000A09F4 /* AppDelegate.swift in Sources */,
				F8433C5E1B23E5BC000A09F4 /* TaskManager.swift in Sources */,
				F8433C381B23DE9E000A09F4 /* FirstViewController.swift in Sources */,
			);
			runOnlyForDeploymentPostprocessing = 0;
		};
		F8433C431B23DE9E000A09F4 /* Sources */ = {
			isa = PBXSourcesBuildPhase;
			buildActionMask = 2147483647;
			files = (
				F8433C5F1B23E5BC000A09F4 /* TaskManager.swift in Sources */,
				F8433C4E1B23DE9E000A09F4 /* ToDoListTests.swift in Sources */,
			);
			runOnlyForDeploymentPostprocessing = 0;
		};
/* End PBXSourcesBuildPhase section */

/* Begin PBXTargetDependency section */
		F8433C491B23DE9E000A09F4 /* PBXTargetDependency */ = {
			isa = PBXTargetDependency;
			target = F8433C2F1B23DE9E000A09F4 /* ToDoList */;
			targetProxy = F8433C481B23DE9E000A09F4 /* PBXContainerItemProxy */;
		};
/* End PBXTargetDependency section */

/* Begin PBXVariantGroup section */
		F8433C3B1B23DE9E000A09F4 /* Main.storyboard */ = {
			isa = PBXVariantGroup;
			children = (
				F8433C3C1B23DE9E000A09F4 /* Base */,
			);
			name = Main.storyboard;
			sourceTree = "<group>";
		};
		F8433C401B23DE9E000A09F4 /* LaunchScreen.xib */ = {
			isa = PBXVariantGroup;
			children = (
				F8433C411B23DE9E000A09F4 /* Base */,
			);
			name = LaunchScreen.xib;
			sourceTree = "<group>";
		};
/* End PBXVariantGroup section */

/* Begin XCBuildConfiguration section */
		F8433C4F1B23DE9E000A09F4 /* Debug */ = {
			isa = XCBuildConfiguration;
			buildSettings = {
				ALWAYS_SEARCH_USER_PATHS = NO;
				CLANG_CXX_LANGUAGE_STANDARD = "gnu++0x";
				CLANG_CXX_LIBRARY = "libc++";
				CLANG_ENABLE_MODULES = YES;
				CLANG_ENABLE_OBJC_ARC = YES;
				CLANG_WARN_BOOL_CONVERSION = YES;
				CLANG_WARN_CONSTANT_CONVERSION = YES;
				CLANG_WARN_DIRECT_OBJC_ISA_USAGE = YES_ERROR;
				CLANG_WARN_EMPTY_BODY = YES;
				CLANG_WARN_ENUM_CONVERSION = YES;
				CLANG_WARN_INT_CONVERSION = YES;
				CLANG_WARN_OBJC_ROOT_CLASS = YES_ERROR;
				CLANG_WARN_UNREACHABLE_CODE = YES;
				CLANG_WARN__DUPLICATE_METHOD_MATCH = YES;
				"CODE_SIGN_IDENTITY[sdk=iphoneos*]" = "iPhone Developer";
				COPY_PHASE_STRIP = NO;
				DEBUG_INFORMATION_FORMAT = "dwarf-with-dsym";
				ENABLE_STRICT_OBJC_MSGSEND = YES;
				GCC_C_LANGUAGE_STANDARD = gnu99;
				GCC_DYNAMIC_NO_PIC = NO;
				GCC_NO_COMMON_BLOCKS = YES;
				GCC_OPTIMIZATION_LEVEL = 0;
				GCC_PREPROCESSOR_DEFINITIONS = (
					"DEBUG=1",
					"$(inherited)",
				);
				GCC_SYMBOLS_PRIVATE_EXTERN = NO;
				GCC_WARN_64_TO_32_BIT_CONVERSION = YES;
				GCC_WARN_ABOUT_RETURN_TYPE = YES_ERROR;
				GCC_WARN_UNDECLARED_SELECTOR = YES;
				GCC_WARN_UNINITIALIZED_AUTOS = YES_AGGRESSIVE;
				GCC_WARN_UNUSED_FUNCTION = YES;
				GCC_WARN_UNUSED_VARIABLE = YES;
				IPHONEOS_DEPLOYMENT_TARGET = 8.3;
				MTL_ENABLE_DEBUG_INFO = YES;
				ONLY_ACTIVE_ARCH = YES;
				SDKROOT = iphoneos;
				SWIFT_OPTIMIZATION_LEVEL = "-Onone";
			};
			name = Debug;
		};
		F8433C501B23DE9E000A09F4 /* Release */ = {
			isa = XCBuildConfiguration;
			buildSettings = {
				ALWAYS_SEARCH_USER_PATHS = NO;
				CLANG_CXX_LANGUAGE_STANDARD = "gnu++0x";
				CLANG_CXX_LIBRARY = "libc++";
				CLANG_ENABLE_MODULES = YES;
				CLANG_ENABLE_OBJC_ARC = YES;
				CLANG_WARN_BOOL_CONVERSION = YES;
				CLANG_WARN_CONSTANT_CONVERSION = YES;
				CLANG_WARN_DIRECT_OBJC_ISA_USAGE = YES_ERROR;
				CLANG_WARN_EMPTY_BODY = YES;
				CLANG_WARN_ENUM_CONVERSION = YES;
				CLANG_WARN_INT_CONVERSION = YES;
				CLANG_WARN_OBJC_ROOT_CLASS = YES_ERROR;
				CLANG_WARN_UNREACHABLE_CODE = YES;
				CLANG_WARN__DUPLICATE_METHOD_MATCH = YES;
				"CODE_SIGN_IDENTITY[sdk=iphoneos*]" = "iPhone Developer";
				COPY_PHASE_STRIP = NO;
				DEBUG_INFORMATION_FORMAT = "dwarf-with-dsym";
				ENABLE_NS_ASSERTIONS = NO;
				ENABLE_STRICT_OBJC_MSGSEND = YES;
				GCC_C_LANGUAGE_STANDARD = gnu99;
				GCC_NO_COMMON_BLOCKS = YES;
				GCC_WARN_64_TO_32_BIT_CONVERSION = YES;
				GCC_WARN_ABOUT_RETURN_TYPE = YES_ERROR;
				GCC_WARN_UNDECLARED_SELECTOR = YES;
				GCC_WARN_UNINITIALIZED_AUTOS = YES_AGGRESSIVE;
				GCC_WARN_UNUSED_FUNCTION = YES;
				GCC_WARN_UNUSED_VARIABLE = YES;
				IPHONEOS_DEPLOYMENT_TARGET = 8.3;
				MTL_ENABLE_DEBUG_INFO = NO;
				SDKROOT = iphoneos;
				VALIDATE_PRODUCT = YES;
			};
			name = Release;
		};
		F8433C521B23DE9E000A09F4 /* Debug */ = {
			isa = XCBuildConfiguration;
			buildSettings = {
				ASSETCATALOG_COMPILER_APPICON_NAME = AppIcon;
				INFOPLIST_FILE = ToDoList/Info.plist;
				LD_RUNPATH_SEARCH_PATHS = "$(inherited) @executable_path/Frameworks";
				PRODUCT_NAME = "$(TARGET_NAME)";
			};
			name = Debug;
		};
		F8433C531B23DE9E000A09F4 /* Release */ = {
			isa = XCBuildConfiguration;
			buildSettings = {
				ASSETCATALOG_COMPILER_APPICON_NAME = AppIcon;
				INFOPLIST_FILE = ToDoList/Info.plist;
				LD_RUNPATH_SEARCH_PATHS = "$(inherited) @executable_path/Frameworks";
				PRODUCT_NAME = "$(TARGET_NAME)";
			};
			name = Release;
		};
		F8433C551B23DE9E000A09F4 /* Debug */ = {
			isa = XCBuildConfiguration;
			buildSettings = {
				BUNDLE_LOADER = "$(TEST_HOST)";
				FRAMEWORK_SEARCH_PATHS = (
					"$(SDKROOT)/Developer/Library/Frameworks",
					"$(inherited)",
				);
				GCC_PREPROCESSOR_DEFINITIONS = (
					"DEBUG=1",
					"$(inherited)",
				);
				INFOPLIST_FILE = ToDoListTests/Info.plist;
				LD_RUNPATH_SEARCH_PATHS = "$(inherited) @executable_path/Frameworks @loader_path/Frameworks";
				PRODUCT_NAME = "$(TARGET_NAME)";
				TEST_HOST = "$(BUILT_PRODUCTS_DIR)/ToDoList.app/ToDoList";
			};
			name = Debug;
		};
		F8433C561B23DE9E000A09F4 /* Release */ = {
			isa = XCBuildConfiguration;
			buildSettings = {
				BUNDLE_LOADER = "$(TEST_HOST)";
				FRAMEWORK_SEARCH_PATHS = (
					"$(SDKROOT)/Developer/Library/Frameworks",
					"$(inherited)",
				);
				INFOPLIST_FILE = ToDoListTests/Info.plist;
				LD_RUNPATH_SEARCH_PATHS = "$(inherited) @executable_path/Frameworks @loader_path/Frameworks";
				PRODUCT_NAME = "$(TARGET_NAME)";
				TEST_HOST = "$(BUILT_PRODUCTS_DIR)/ToDoList.app/ToDoList";
			};
			name = Release;
		};
/* End XCBuildConfiguration section */

/* Begin XCConfigurationList section */
		F8433C2B1B23DE9E000A09F4 /* Build configuration list for PBXProject "ToDoList" */ = {
			isa = XCConfigurationList;
			buildConfigurations = (
				F8433C4F1B23DE9E000A09F4 /* Debug */,
				F8433C501B23DE9E000A09F4 /* Release */,
			);
			defaultConfigurationIsVisible = 0;
			defaultConfigurationName = Release;
		};
		F8433C511B23DE9E000A09F4 /* Build configuration list for PBXNativeTarget "ToDoList" */ = {
			isa = XCConfigurationList;
			buildConfigurations = (
				F8433C521B23DE9E000A09F4 /* Debug */,
				F8433C531B23DE9E000A09F4 /* Release */,
			);
			defaultConfigurationIsVisible = 0;
		};
		F8433C541B23DE9E000A09F4 /* Build configuration list for PBXNativeTarget "ToDoListTests" */ = {
			isa = XCConfigurationList;
			buildConfigurations = (
				F8433C551B23DE9E000A09F4 /* Debug */,
				F8433C561B23DE9E000A09F4 /* Release */,
			);
			defaultConfigurationIsVisible = 0;
		};
/* End XCConfigurationList section */
	};
	rootObject = F8433C281B23DE9E000A09F4 /* Project object */;
}
